
Microsoft Visual Studio Solution File, Format Version 12.00
# Visual Studio 2012
Project("{FAE04EC0-301F-11D3-BF4B-00C04F79EFBC}") = "Patternizer", "Patternizer\Patternizer.csproj", "{A92D52FD-24D1-4379-B472-405B96BB122F}"
EndProject
Project("{FAE04EC0-301F-11D3-BF4B-00C04F79EFBC}") = "Patternizer.Test", "Patternizer.Test\Patternizer.Test.csproj", "{9F3CD94B-81B3-4911-B8DB-52CBF19BCF8D}"
EndProject
Global
	GlobalSection(SolutionConfigurationPlatforms) = preSolution
		Debug|Any CPU = Debug|Any CPU
		Release|Any CPU = Release|Any CPU
	EndGlobalSection
	GlobalSection(ProjectConfigurationPlatforms) = postSolution
		{A92D52FD-24D1-4379-B472-405B96BB122F}.Debug|Any CPU.ActiveCfg = Debug|Any CPU
		{A92D52FD-24D1-4379-B472-405B96BB122F}.Debug|Any CPU.Build.0 = Debug|Any CPU
		{A92D52FD-24D1-4379-B472-405B96BB122F}.Release|Any CPU.ActiveCfg = Release|Any CPU
		{A92D52FD-24D1-4379-B472-405B96BB122F}.Release|Any CPU.Build.0 = Release|Any CPU
		{9F3CD94B-81B3-4911-B8DB-52CBF19BCF8D}.Debug|Any CPU.ActiveCfg = Debug|Any CPU
		{9F3CD94B-81B3-4911-B8DB-52CBF19BCF8D}.Debug|Any CPU.Build.0 = Debug|Any CPU
		{9F3CD94B-81B3-4911-B8DB-52CBF19BCF8D}.Release|Any CPU.ActiveCfg = Release|Any CPU
		{9F3CD94B-81B3-4911-B8DB-52CBF19BCF8D}.Release|Any CPU.Build.0 = Release|Any CPU
	EndGlobalSection
EndGlobal
